// !$*UTF8*$!
{
	archiveVersion = 1;
	classes = {
	};
	objectVersion = 77;
	objects = {

/* Begin PBXBuildFile section */
		D4145C152D4CB97B00EAF352 /* tutorial.swift in Sources */ = {isa = PBXBuildFile; fileRef = D4145C142D4CB97B00EAF352 /* tutorial.swift */; };
		D4145C172D4D959700EAF352 /* UserData.swift in Sources */ = {isa = PBXBuildFile; fileRef = D4145C162D4D959700EAF352 /* UserData.swift */; };
		D4145C192D4D979700EAF352 /* CameraView.swift in Sources */ = {isa = PBXBuildFile; fileRef = D4145C182D4D979700EAF352 /* CameraView.swift */; };
		D4145C1F2D4D9DB300EAF352 /* Shaders.metal in Sources */ = {isa = PBXBuildFile; fileRef = D4145C1E2D4D9DB300EAF352 /* Shaders.metal */; };
		D41623262D50082500A5463C /* websocket.swift in Sources */ = {isa = PBXBuildFile; fileRef = D41623252D50082500A5463C /* websocket.swift */; };
		D41BD3F02D5BEEBE00B80464 /* LoginView.swift in Sources */ = {isa = PBXBuildFile; fileRef = D41BD3EF2D5BEEBE00B80464 /* LoginView.swift */; };
		D41BD3F22D5BF7A600B80464 /* SignupView.swift in Sources */ = {isa = PBXBuildFile; fileRef = D41BD3F12D5BF7A200B80464 /* SignupView.swift */; };
		D44349D02D506A8200F705D9 /* AudioCaptureView.swift in Sources */ = {isa = PBXBuildFile; fileRef = D44349CF2D506A8200F705D9 /* AudioCaptureView.swift */; };
		D4B02F242D6119170068D4C7 /* ControlPanelView.swift in Sources */ = {isa = PBXBuildFile; fileRef = D4B02F232D6119170068D4C7 /* ControlPanelView.swift */; };
		D4B02F262D61266C0068D4C7 /* success.wav in Resources */ = {isa = PBXBuildFile; fileRef = D4B02F252D61266C0068D4C7 /* success.wav */; };
		D4B02F2D2D614B640068D4C7 /* MeetingRoomView 2.swift in Sources */ = {isa = PBXBuildFile; fileRef = D4B02F2C2D614B640068D4C7 /* MeetingRoomView 2.swift */; };
		D4B42C452D52E844006EA7C9 /* PerlinBackgroundView.swift in Sources */ = {isa = PBXBuildFile; fileRef = D4B42C442D52E83D006EA7C9 /* PerlinBackgroundView.swift */; };
		D4FC20F02D6019B3000D3097 /* InputError 3.wav in Resources */ = {isa = PBXBuildFile; fileRef = D4FC20EF2D6019B3000D3097 /* InputError 3.wav */; };
/* End PBXBuildFile section */

/* Begin PBXContainerItemProxy section */
		D4145BF82D4C65BF00EAF352 /* PBXContainerItemProxy */ = {
			isa = PBXContainerItemProxy;
			containerPortal = D4145BDE2D4C65BE00EAF352 /* Project object */;
			proxyType = 1;
			remoteGlobalIDString = D4145BE52D4C65BE00EAF352;
			remoteInfo = Ping;
		};
		D4145C022D4C65BF00EAF352 /* PBXContainerItemProxy */ = {
			isa = PBXContainerItemProxy;
			containerPortal = D4145BDE2D4C65BE00EAF352 /* Project object */;
			proxyType = 1;
			remoteGlobalIDString = D4145BE52D4C65BE00EAF352;
			remoteInfo = Ping;
		};
/* End PBXContainerItemProxy section */

/* Begin PBXFileReference section */
		D4145BE62D4C65BE00EAF352 /* Ping.app */ = {isa = PBXFileReference; explicitFileType = wrapper.application; includeInIndex = 0; path = Ping.app; sourceTree = BUILT_PRODUCTS_DIR; };
		D4145BF72D4C65BF00EAF352 /* PingTests.xctest */ = {isa = PBXFileReference; explicitFileType = wrapper.cfbundle; includeInIndex = 0; path = PingTests.xctest; sourceTree = BUILT_PRODUCTS_DIR; };
		D4145C012D4C65BF00EAF352 /* PingUITests.xctest */ = {isa = PBXFileReference; explicitFileType = wrapper.cfbundle; includeInIndex = 0; path = PingUITests.xctest; sourceTree = BUILT_PRODUCTS_DIR; };
		D4145C142D4CB97B00EAF352 /* tutorial.swift */ = {isa = PBXFileReference; lastKnownFileType = sourcecode.swift; path = tutorial.swift; sourceTree = "<group>"; };
		D4145C162D4D959700EAF352 /* UserData.swift */ = {isa = PBXFileReference; lastKnownFileType = sourcecode.swift; path = UserData.swift; sourceTree = "<group>"; };
		D4145C182D4D979700EAF352 /* CameraView.swift */ = {isa = PBXFileReference; lastKnownFileType = sourcecode.swift; path = CameraView.swift; sourceTree = "<group>"; };
		D4145C1E2D4D9DB300EAF352 /* Shaders.metal */ = {isa = PBXFileReference; lastKnownFileType = sourcecode.metal; path = Shaders.metal; sourceTree = "<group>"; };
		D41623222D4FEB0600A5463C /* XCTest.framework */ = {isa = PBXFileReference; lastKnownFileType = wrapper.framework; name = XCTest.framework; path = Platforms/MacOSX.platform/Developer/Library/Frameworks/XCTest.framework; sourceTree = DEVELOPER_DIR; };
		D41623252D50082500A5463C /* websocket.swift */ = {isa = PBXFileReference; lastKnownFileType = sourcecode.swift; path = websocket.swift; sourceTree = "<group>"; };
		D41BD3EF2D5BEEBE00B80464 /* LoginView.swift */ = {isa = PBXFileReference; lastKnownFileType = sourcecode.swift; path = LoginView.swift; sourceTree = "<group>"; };
		D41BD3F12D5BF7A200B80464 /* SignupView.swift */ = {isa = PBXFileReference; lastKnownFileType = sourcecode.swift; path = SignupView.swift; sourceTree = "<group>"; };
		D44349CF2D506A8200F705D9 /* AudioCaptureView.swift */ = {isa = PBXFileReference; lastKnownFileType = sourcecode.swift; path = AudioCaptureView.swift; sourceTree = "<group>"; };
		D4B02F232D6119170068D4C7 /* ControlPanelView.swift */ = {isa = PBXFileReference; lastKnownFileType = sourcecode.swift; path = ControlPanelView.swift; sourceTree = "<group>"; };
		D4B02F252D61266C0068D4C7 /* success.wav */ = {isa = PBXFileReference; lastKnownFileType = audio.wav; path = success.wav; sourceTree = "<group>"; };
		D4B02F2B2D614B580068D4C7 /* Untitled.swift */ = {isa = PBXFileReference; lastKnownFileType = sourcecode.swift; path = Untitled.swift; sourceTree = "<group>"; };
		D4B02F2C2D614B640068D4C7 /* MeetingRoomView 2.swift */ = {isa = PBXFileReference; lastKnownFileType = sourcecode.swift; path = "MeetingRoomView 2.swift"; sourceTree = "<group>"; };
		D4B42C442D52E83D006EA7C9 /* PerlinBackgroundView.swift */ = {isa = PBXFileReference; lastKnownFileType = sourcecode.swift; path = PerlinBackgroundView.swift; sourceTree = "<group>"; };
		D4FC20EF2D6019B3000D3097 /* InputError 3.wav */ = {isa = PBXFileReference; lastKnownFileType = audio.wav; path = "InputError 3.wav"; sourceTree = "<group>"; };
/* End PBXFileReference section */

/* Begin PBXFileSystemSynchronizedBuildFileExceptionSet section */
		D4145C1D2D4D9B2A00EAF352 /* Exceptions for "Ping" folder in "Ping" target */ = {
			isa = PBXFileSystemSynchronizedBuildFileExceptionSet;
			membershipExceptions = (
				Info.plist,
			);
			target = D4145BE52D4C65BE00EAF352 /* Ping */;
		};
/* End PBXFileSystemSynchronizedBuildFileExceptionSet section */

/* Begin PBXFileSystemSynchronizedRootGroup section */
		D404BEE72D5DC17900267B54 /* Domain */ = {
			isa = PBXFileSystemSynchronizedRootGroup;
			path = Domain;
			sourceTree = "<group>";
		};
		D404BEF52D5DC20300267B54 /* Infrastructure */ = {
			isa = PBXFileSystemSynchronizedRootGroup;
			path = Infrastructure;
			sourceTree = "<group>";
		};
		D404BEFE2D5DC28100267B54 /* Application */ = {
			isa = PBXFileSystemSynchronizedRootGroup;
			path = Application;
			sourceTree = "<group>";
		};
		D404BF0F2D5E4EA200267B54 /* Presentation */ = {
			isa = PBXFileSystemSynchronizedRootGroup;
			path = Presentation;
			sourceTree = "<group>";
		};
		D4145BE82D4C65BE00EAF352 /* Ping */ = {
			isa = PBXFileSystemSynchronizedRootGroup;
			exceptions = (
				D4145C1D2D4D9B2A00EAF352 /* Exceptions for "Ping" folder in "Ping" target */,
			);
			path = Ping;
			sourceTree = "<group>";
		};
		D4145BFA2D4C65BF00EAF352 /* PingTests */ = {
			isa = PBXFileSystemSynchronizedRootGroup;
			path = PingTests;
			sourceTree = "<group>";
		};
		D4145C042D4C65BF00EAF352 /* PingUITests */ = {
			isa = PBXFileSystemSynchronizedRootGroup;
			path = PingUITests;
			sourceTree = "<group>";
		};
/* End PBXFileSystemSynchronizedRootGroup section */

/* Begin PBXFrameworksBuildPhase section */
		D4145BE32D4C65BE00EAF352 /* Frameworks */ = {
			isa = PBXFrameworksBuildPhase;
			buildActionMask = 2147483647;
			files = (
			);
			runOnlyForDeploymentPostprocessing = 0;
		};
		D4145BF42D4C65BF00EAF352 /* Frameworks */ = {
			isa = PBXFrameworksBuildPhase;
			buildActionMask = 2147483647;
			files = (
			);
			runOnlyForDeploymentPostprocessing = 0;
		};
		D4145BFE2D4C65BF00EAF352 /* Frameworks */ = {
			isa = PBXFrameworksBuildPhase;
			buildActionMask = 2147483647;
			files = (
			);
			runOnlyForDeploymentPostprocessing = 0;
		};
/* End PBXFrameworksBuildPhase section */

/* Begin PBXGroup section */
		D4145BDD2D4C65BE00EAF352 = {
			isa = PBXGroup;
			children = (
				D4B02F2C2D614B640068D4C7 /* MeetingRoomView 2.swift */,
				D4B02F2B2D614B580068D4C7 /* Untitled.swift */,
				D4B02F232D6119170068D4C7 /* ControlPanelView.swift */,
				D404BF0F2D5E4EA200267B54 /* Presentation */,
				D404BEFE2D5DC28100267B54 /* Application */,
				D404BEF52D5DC20300267B54 /* Infrastructure */,
				D404BEE72D5DC17900267B54 /* Domain */,
				D4B42C442D52E83D006EA7C9 /* PerlinBackgroundView.swift */,
				D44349CF2D506A8200F705D9 /* AudioCaptureView.swift */,
				D41623252D50082500A5463C /* websocket.swift */,
				D4145C1E2D4D9DB300EAF352 /* Shaders.metal */,
				D41BD3EF2D5BEEBE00B80464 /* LoginView.swift */,
				D41BD3F12D5BF7A200B80464 /* SignupView.swift */,
				D4145C182D4D979700EAF352 /* CameraView.swift */,
				D4145C162D4D959700EAF352 /* UserData.swift */,
				D4145C142D4CB97B00EAF352 /* tutorial.swift */,
				D4145BE82D4C65BE00EAF352 /* Ping */,
				D4145BFA2D4C65BF00EAF352 /* PingTests */,
				D4145C042D4C65BF00EAF352 /* PingUITests */,
				D41623212D4FEB0600A5463C /* Frameworks */,
				D4145BE72D4C65BE00EAF352 /* Products */,
				D4FC20EF2D6019B3000D3097 /* InputError 3.wav */,
				D4B02F252D61266C0068D4C7 /* success.wav */,
			);
			sourceTree = "<group>";
		};
		D4145BE72D4C65BE00EAF352 /* Products */ = {
			isa = PBXGroup;
			children = (
				D4145BE62D4C65BE00EAF352 /* Ping.app */,
				D4145BF72D4C65BF00EAF352 /* PingTests.xctest */,
				D4145C012D4C65BF00EAF352 /* PingUITests.xctest */,
			);
			name = Products;
			sourceTree = "<group>";
		};
		D41623212D4FEB0600A5463C /* Frameworks */ = {
			isa = PBXGroup;
			children = (
				D41623222D4FEB0600A5463C /* XCTest.framework */,
			);
			name = Frameworks;
			sourceTree = "<group>";
		};
/* End PBXGroup section */

/* Begin PBXNativeTarget section */
		D4145BE52D4C65BE00EAF352 /* Ping */ = {
			isa = PBXNativeTarget;
			buildConfigurationList = D4145C0B2D4C65BF00EAF352 /* Build configuration list for PBXNativeTarget "Ping" */;
			buildPhases = (
				D4145BE22D4C65BE00EAF352 /* Sources */,
				D4145BE32D4C65BE00EAF352 /* Frameworks */,
				D4145BE42D4C65BE00EAF352 /* Resources */,
			);
			buildRules = (
			);
			dependencies = (
			);
			fileSystemSynchronizedGroups = (
				D404BEE72D5DC17900267B54 /* Domain */,
				D404BEF52D5DC20300267B54 /* Infrastructure */,
				D404BEFE2D5DC28100267B54 /* Application */,
				D404BF0F2D5E4EA200267B54 /* Presentation */,
				D4145BE82D4C65BE00EAF352 /* Ping */,
			);
			name = Ping;
			packageProductDependencies = (
			);
			productName = Ping;
			productReference = D4145BE62D4C65BE00EAF352 /* Ping.app */;
			productType = "com.apple.product-type.application";
		};
		D4145BF62D4C65BF00EAF352 /* PingTests */ = {
			isa = PBXNativeTarget;
			buildConfigurationList = D4145C0E2D4C65BF00EAF352 /* Build configuration list for PBXNativeTarget "PingTests" */;
			buildPhases = (
				D4145BF32D4C65BF00EAF352 /* Sources */,
				D4145BF42D4C65BF00EAF352 /* Frameworks */,
				D4145BF52D4C65BF00EAF352 /* Resources */,
			);
			buildRules = (
			);
			dependencies = (
				D4145BF92D4C65BF00EAF352 /* PBXTargetDependency */,
			);
			fileSystemSynchronizedGroups = (
				D4145BFA2D4C65BF00EAF352 /* PingTests */,
			);
			name = PingTests;
			packageProductDependencies = (
			);
			productName = PingTests;
			productReference = D4145BF72D4C65BF00EAF352 /* PingTests.xctest */;
			productType = "com.apple.product-type.bundle.unit-test";
		};
		D4145C002D4C65BF00EAF352 /* PingUITests */ = {
			isa = PBXNativeTarget;
			buildConfigurationList = D4145C112D4C65BF00EAF352 /* Build configuration list for PBXNativeTarget "PingUITests" */;
			buildPhases = (
				D4145BFD2D4C65BF00EAF352 /* Sources */,
				D4145BFE2D4C65BF00EAF352 /* Frameworks */,
				D4145BFF2D4C65BF00EAF352 /* Resources */,
			);
			buildRules = (
			);
			dependencies = (
				D4145C032D4C65BF00EAF352 /* PBXTargetDependency */,
			);
			fileSystemSynchronizedGroups = (
				D4145C042D4C65BF00EAF352 /* PingUITests */,
			);
			name = PingUITests;
			packageProductDependencies = (
			);
			productName = PingUITests;
			productReference = D4145C012D4C65BF00EAF352 /* PingUITests.xctest */;
			productType = "com.apple.product-type.bundle.ui-testing";
		};
/* End PBXNativeTarget section */

/* Begin PBXProject section */
		D4145BDE2D4C65BE00EAF352 /* Project object */ = {
			isa = PBXProject;
			attributes = {
				BuildIndependentTargetsInParallel = 1;
				LastSwiftUpdateCheck = 1620;
				LastUpgradeCheck = 1620;
				TargetAttributes = {
					D4145BE52D4C65BE00EAF352 = {
						CreatedOnToolsVersion = 16.2;
					};
					D4145BF62D4C65BF00EAF352 = {
						CreatedOnToolsVersion = 16.2;
						TestTargetID = D4145BE52D4C65BE00EAF352;
					};
					D4145C002D4C65BF00EAF352 = {
						CreatedOnToolsVersion = 16.2;
						TestTargetID = D4145BE52D4C65BE00EAF352;
					};
				};
			};
			buildConfigurationList = D4145BE12D4C65BE00EAF352 /* Build configuration list for PBXProject "Ping" */;
			developmentRegion = en;
			hasScannedForEncodings = 0;
			knownRegions = (
				en,
				Base,
			);
			mainGroup = D4145BDD2D4C65BE00EAF352;
			minimizedProjectReferenceProxies = 1;
			packageReferences = (
				D416231E2D4FEA5F00A5463C /* XCRemoteSwiftPackageReference "swift-async-algorithms" */,
			);
			preferredProjectObjectVersion = 77;
			productRefGroup = D4145BE72D4C65BE00EAF352 /* Products */;
			projectDirPath = "";
			projectRoot = "";
			targets = (
				D4145BE52D4C65BE00EAF352 /* Ping */,
				D4145BF62D4C65BF00EAF352 /* PingTests */,
				D4145C002D4C65BF00EAF352 /* PingUITests */,
			);
		};
/* End PBXProject section */

/* Begin PBXResourcesBuildPhase section */
		D4145BE42D4C65BE00EAF352 /* Resources */ = {
			isa = PBXResourcesBuildPhase;
			buildActionMask = 2147483647;
			files = (
				D4B02F262D61266C0068D4C7 /* success.wav in Resources */,
				D4FC20F02D6019B3000D3097 /* InputError 3.wav in Resources */,
			);
			runOnlyForDeploymentPostprocessing = 0;
		};
		D4145BF52D4C65BF00EAF352 /* Resources */ = {
			isa = PBXResourcesBuildPhase;
			buildActionMask = 2147483647;
			files = (
			);
			runOnlyForDeploymentPostprocessing = 0;
		};
		D4145BFF2D4C65BF00EAF352 /* Resources */ = {
			isa = PBXResourcesBuildPhase;
			buildActionMask = 2147483647;
			files = (
			);
			runOnlyForDeploymentPostprocessing = 0;
		};
/* End PBXResourcesBuildPhase section */

/* Begin PBXSourcesBuildPhase section */
		D4145BE22D4C65BE00EAF352 /* Sources */ = {
			isa = PBXSourcesBuildPhase;
			buildActionMask = 2147483647;
			files = (
				D41BD3F22D5BF7A600B80464 /* SignupView.swift in Sources */,
				D4B02F2D2D614B640068D4C7 /* MeetingRoomView 2.swift in Sources */,
				D41623262D50082500A5463C /* websocket.swift in Sources */,
				D4145C152D4CB97B00EAF352 /* tutorial.swift in Sources */,
				D4B42C452D52E844006EA7C9 /* PerlinBackgroundView.swift in Sources */,
				D44349D02D506A8200F705D9 /* AudioCaptureView.swift in Sources */,
				D4145C1F2D4D9DB300EAF352 /* Shaders.metal in Sources */,
				D41BD3F02D5BEEBE00B80464 /* LoginView.swift in Sources */,
				D4B02F242D6119170068D4C7 /* ControlPanelView.swift in Sources */,
				D4145C172D4D959700EAF352 /* UserData.swift in Sources */,
				D4145C192D4D979700EAF352 /* CameraView.swift in Sources */,
			);
			runOnlyForDeploymentPostprocessing = 0;
		};
		D4145BF32D4C65BF00EAF352 /* Sources */ = {
			isa = PBXSourcesBuildPhase;
			buildActionMask = 2147483647;
			files = (
			);
			runOnlyForDeploymentPostprocessing = 0;
		};
		D4145BFD2D4C65BF00EAF352 /* Sources */ = {
			isa = PBXSourcesBuildPhase;
			buildActionMask = 2147483647;
			files = (
			);
			runOnlyForDeploymentPostprocessing = 0;
		};
/* End PBXSourcesBuildPhase section */

/* Begin PBXTargetDependency section */
		D4145BF92D4C65BF00EAF352 /* PBXTargetDependency */ = {
			isa = PBXTargetDependency;
			target = D4145BE52D4C65BE00EAF352 /* Ping */;
			targetProxy = D4145BF82D4C65BF00EAF352 /* PBXContainerItemProxy */;
		};
		D4145C032D4C65BF00EAF352 /* PBXTargetDependency */ = {
			isa = PBXTargetDependency;
			target = D4145BE52D4C65BE00EAF352 /* Ping */;
			targetProxy = D4145C022D4C65BF00EAF352 /* PBXContainerItemProxy */;
		};
/* End PBXTargetDependency section */

/* Begin XCBuildConfiguration section */
		D4145C092D4C65BF00EAF352 /* Debug */ = {
			isa = XCBuildConfiguration;
			buildSettings = {
				ALWAYS_SEARCH_USER_PATHS = NO;
				ASSETCATALOG_COMPILER_GENERATE_SWIFT_ASSET_SYMBOL_EXTENSIONS = YES;
				CLANG_ANALYZER_NONNULL = YES;
				CLANG_ANALYZER_NUMBER_OBJECT_CONVERSION = YES_AGGRESSIVE;
				CLANG_CXX_LANGUAGE_STANDARD = "gnu++20";
				CLANG_ENABLE_MODULES = YES;
				CLANG_ENABLE_OBJC_ARC = YES;
				CLANG_ENABLE_OBJC_WEAK = YES;
				CLANG_WARN_BLOCK_CAPTURE_AUTORELEASING = YES;
				CLANG_WARN_BOOL_CONVERSION = YES;
				CLANG_WARN_COMMA = YES;
				CLANG_WARN_CONSTANT_CONVERSION = YES;
				CLANG_WARN_DEPRECATED_OBJC_IMPLEMENTATIONS = YES;
				CLANG_WARN_DIRECT_OBJC_ISA_USAGE = YES_ERROR;
				CLANG_WARN_DOCUMENTATION_COMMENTS = YES;
				CLANG_WARN_EMPTY_BODY = YES;
				CLANG_WARN_ENUM_CONVERSION = YES;
				CLANG_WARN_INFINITE_RECURSION = YES;
				CLANG_WARN_INT_CONVERSION = YES;
				CLANG_WARN_NON_LITERAL_NULL_CONVERSION = YES;
				CLANG_WARN_OBJC_IMPLICIT_RETAIN_SELF = YES;
				CLANG_WARN_OBJC_LITERAL_CONVERSION = YES;
				CLANG_WARN_OBJC_ROOT_CLASS = YES_ERROR;
				CLANG_WARN_QUOTED_INCLUDE_IN_FRAMEWORK_HEADER = YES;
				CLANG_WARN_RANGE_LOOP_ANALYSIS = YES;
				CLANG_WARN_STRICT_PROTOTYPES = YES;
				CLANG_WARN_SUSPICIOUS_MOVE = YES;
				CLANG_WARN_UNGUARDED_AVAILABILITY = YES_AGGRESSIVE;
				CLANG_WARN_UNREACHABLE_CODE = YES;
				CLANG_WARN__DUPLICATE_METHOD_MATCH = YES;
				COPY_PHASE_STRIP = NO;
				DEBUG_INFORMATION_FORMAT = dwarf;
				ENABLE_STRICT_OBJC_MSGSEND = YES;
				ENABLE_TESTABILITY = YES;
				ENABLE_USER_SCRIPT_SANDBOXING = YES;
				GCC_C_LANGUAGE_STANDARD = gnu17;
				GCC_DYNAMIC_NO_PIC = NO;
				GCC_NO_COMMON_BLOCKS = YES;
				GCC_OPTIMIZATION_LEVEL = 0;
				GCC_PREPROCESSOR_DEFINITIONS = (
					"DEBUG=1",
					"$(inherited)",
				);
				GCC_WARN_64_TO_32_BIT_CONVERSION = YES;
				GCC_WARN_ABOUT_RETURN_TYPE = YES_ERROR;
				GCC_WARN_UNDECLARED_SELECTOR = YES;
				GCC_WARN_UNINITIALIZED_AUTOS = YES_AGGRESSIVE;
				GCC_WARN_UNUSED_FUNCTION = YES;
				GCC_WARN_UNUSED_VARIABLE = YES;
				LOCALIZATION_PREFERS_STRING_CATALOGS = YES;
				MTL_ENABLE_DEBUG_INFO = INCLUDE_SOURCE;
				MTL_FAST_MATH = YES;
				ONLY_ACTIVE_ARCH = YES;
				SWIFT_ACTIVE_COMPILATION_CONDITIONS = "DEBUG $(inherited)";
				SWIFT_OPTIMIZATION_LEVEL = "-Onone";
			};
			name = Debug;
		};
		D4145C0A2D4C65BF00EAF352 /* Release */ = {
			isa = XCBuildConfiguration;
			buildSettings = {
				ALWAYS_SEARCH_USER_PATHS = NO;
				ASSETCATALOG_COMPILER_GENERATE_SWIFT_ASSET_SYMBOL_EXTENSIONS = YES;
				CLANG_ANALYZER_NONNULL = YES;
				CLANG_ANALYZER_NUMBER_OBJECT_CONVERSION = YES_AGGRESSIVE;
				CLANG_CXX_LANGUAGE_STANDARD = "gnu++20";
				CLANG_ENABLE_MODULES = YES;
				CLANG_ENABLE_OBJC_ARC = YES;
				CLANG_ENABLE_OBJC_WEAK = YES;
				CLANG_WARN_BLOCK_CAPTURE_AUTORELEASING = YES;
				CLANG_WARN_BOOL_CONVERSION = YES;
				CLANG_WARN_COMMA = YES;
				CLANG_WARN_CONSTANT_CONVERSION = YES;
				CLANG_WARN_DEPRECATED_OBJC_IMPLEMENTATIONS = YES;
				CLANG_WARN_DIRECT_OBJC_ISA_USAGE = YES_ERROR;
				CLANG_WARN_DOCUMENTATION_COMMENTS = YES;
				CLANG_WARN_EMPTY_BODY = YES;
				CLANG_WARN_ENUM_CONVERSION = YES;
				CLANG_WARN_INFINITE_RECURSION = YES;
				CLANG_WARN_INT_CONVERSION = YES;
				CLANG_WARN_NON_LITERAL_NULL_CONVERSION = YES;
				CLANG_WARN_OBJC_IMPLICIT_RETAIN_SELF = YES;
				CLANG_WARN_OBJC_LITERAL_CONVERSION = YES;
				CLANG_WARN_OBJC_ROOT_CLASS = YES_ERROR;
				CLANG_WARN_QUOTED_INCLUDE_IN_FRAMEWORK_HEADER = YES;
				CLANG_WARN_RANGE_LOOP_ANALYSIS = YES;
				CLANG_WARN_STRICT_PROTOTYPES = YES;
				CLANG_WARN_SUSPICIOUS_MOVE = YES;
				CLANG_WARN_UNGUARDED_AVAILABILITY = YES_AGGRESSIVE;
				CLANG_WARN_UNREACHABLE_CODE = YES;
				CLANG_WARN__DUPLICATE_METHOD_MATCH = YES;
				COPY_PHASE_STRIP = NO;
				DEBUG_INFORMATION_FORMAT = "dwarf-with-dsym";
				ENABLE_NS_ASSERTIONS = NO;
				ENABLE_STRICT_OBJC_MSGSEND = YES;
				ENABLE_USER_SCRIPT_SANDBOXING = YES;
				GCC_C_LANGUAGE_STANDARD = gnu17;
				GCC_NO_COMMON_BLOCKS = YES;
				GCC_WARN_64_TO_32_BIT_CONVERSION = YES;
				GCC_WARN_ABOUT_RETURN_TYPE = YES_ERROR;
				GCC_WARN_UNDECLARED_SELECTOR = YES;
				GCC_WARN_UNINITIALIZED_AUTOS = YES_AGGRESSIVE;
				GCC_WARN_UNUSED_FUNCTION = YES;
				GCC_WARN_UNUSED_VARIABLE = YES;
				LOCALIZATION_PREFERS_STRING_CATALOGS = YES;
				MTL_ENABLE_DEBUG_INFO = NO;
				MTL_FAST_MATH = YES;
				SWIFT_COMPILATION_MODE = wholemodule;
			};
			name = Release;
		};
		D4145C0C2D4C65BF00EAF352 /* Debug */ = {
			isa = XCBuildConfiguration;
			buildSettings = {
				ASSETCATALOG_COMPILER_APPICON_NAME = AppIcon;
				ASSETCATALOG_COMPILER_GLOBAL_ACCENT_COLOR_NAME = AccentColor;
				CODE_SIGN_ENTITLEMENTS = Ping/Ping.entitlements;
				CODE_SIGN_STYLE = Automatic;
				CURRENT_PROJECT_VERSION = 1;
				DEVELOPMENT_ASSET_PATHS = "\"Ping/Preview Content\"";
				ENABLE_PREVIEWS = YES;
				GENERATE_INFOPLIST_FILE = YES;
				INFOPLIST_FILE = Ping/Info.plist;
				INFOPLIST_KEY_NSCameraUsageDescription = "\"This app requires camera access to stream video.\"";
				"INFOPLIST_KEY_UIApplicationSceneManifest_Generation[sdk=iphoneos*]" = YES;
				"INFOPLIST_KEY_UIApplicationSceneManifest_Generation[sdk=iphonesimulator*]" = YES;
				"INFOPLIST_KEY_UIApplicationSupportsIndirectInputEvents[sdk=iphoneos*]" = YES;
				"INFOPLIST_KEY_UIApplicationSupportsIndirectInputEvents[sdk=iphonesimulator*]" = YES;
				"INFOPLIST_KEY_UILaunchScreen_Generation[sdk=iphoneos*]" = YES;
				"INFOPLIST_KEY_UILaunchScreen_Generation[sdk=iphonesimulator*]" = YES;
				"INFOPLIST_KEY_UIStatusBarStyle[sdk=iphoneos*]" = UIStatusBarStyleDefault;
				"INFOPLIST_KEY_UIStatusBarStyle[sdk=iphonesimulator*]" = UIStatusBarStyleDefault;
				INFOPLIST_KEY_UISupportedInterfaceOrientations_iPad = "UIInterfaceOrientationPortrait UIInterfaceOrientationPortraitUpsideDown UIInterfaceOrientationLandscapeLeft UIInterfaceOrientationLandscapeRight";
				INFOPLIST_KEY_UISupportedInterfaceOrientations_iPhone = "UIInterfaceOrientationPortrait UIInterfaceOrientationLandscapeLeft UIInterfaceOrientationLandscapeRight";
				IPHONEOS_DEPLOYMENT_TARGET = 18.2;
				LD_RUNPATH_SEARCH_PATHS = "@executable_path/Frameworks";
				"LD_RUNPATH_SEARCH_PATHS[sdk=macosx*]" = "@executable_path/../Frameworks";
				MACOSX_DEPLOYMENT_TARGET = 15.2;
				MARKETING_VERSION = 1.0;
				PRODUCT_BUNDLE_IDENTIFIER = ping.Ping;
				PRODUCT_NAME = "$(TARGET_NAME)";
				SDKROOT = auto;
				SUPPORTED_PLATFORMS = "iphoneos iphonesimulator macosx xros xrsimulator";
				SWIFT_EMIT_LOC_STRINGS = YES;
				SWIFT_VERSION = 5.0;
				TARGETED_DEVICE_FAMILY = "1,2,7";
				XROS_DEPLOYMENT_TARGET = 2.2;
			};
			name = Debug;
		};
		D4145C0D2D4C65BF00EAF352 /* Release */ = {
			isa = XCBuildConfiguration;
			buildSettings = {
				ASSETCATALOG_COMPILER_APPICON_NAME = AppIcon;
				ASSETCATALOG_COMPILER_GLOBAL_ACCENT_COLOR_NAME = AccentColor;
				CODE_SIGN_ENTITLEMENTS = Ping/Ping.entitlements;
				CODE_SIGN_STYLE = Automatic;
				CURRENT_PROJECT_VERSION = 1;
				DEVELOPMENT_ASSET_PATHS = "\"Ping/Preview Content\"";
				ENABLE_PREVIEWS = YES;
				GENERATE_INFOPLIST_FILE = YES;
				INFOPLIST_FILE = Ping/Info.plist;
				INFOPLIST_KEY_NSCameraUsageDescription = "\"This app requires camera access to stream video.\"";
				"INFOPLIST_KEY_UIApplicationSceneManifest_Generation[sdk=iphoneos*]" = YES;
				"INFOPLIST_KEY_UIApplicationSceneManifest_Generation[sdk=iphonesimulator*]" = YES;
				"INFOPLIST_KEY_UIApplicationSupportsIndirectInputEvents[sdk=iphoneos*]" = YES;
				"INFOPLIST_KEY_UIApplicationSupportsIndirectInputEvents[sdk=iphonesimulator*]" = YES;
				"INFOPLIST_KEY_UILaunchScreen_Generation[sdk=iphoneos*]" = YES;
				"INFOPLIST_KEY_UILaunchScreen_Generation[sdk=iphonesimulator*]" = YES;
				"INFOPLIST_KEY_UIStatusBarStyle[sdk=iphoneos*]" = UIStatusBarStyleDefault;
				"INFOPLIST_KEY_UIStatusBarStyle[sdk=iphonesimulator*]" = UIStatusBarStyleDefault;
				INFOPLIST_KEY_UISupportedInterfaceOrientations_iPad = "UIInterfaceOrientationPortrait UIInterfaceOrientationPortraitUpsideDown UIInterfaceOrientationLandscapeLeft UIInterfaceOrientationLandscapeRight";
				INFOPLIST_KEY_UISupportedInterfaceOrientations_iPhone = "UIInterfaceOrientationPortrait UIInterfaceOrientationLandscapeLeft UIInterfaceOrientationLandscapeRight";
				IPHONEOS_DEPLOYMENT_TARGET = 18.2;
				LD_RUNPATH_SEARCH_PATHS = "@executable_path/Frameworks";
				"LD_RUNPATH_SEARCH_PATHS[sdk=macosx*]" = "@executable_path/../Frameworks";
				MACOSX_DEPLOYMENT_TARGET = 15.2;
				MARKETING_VERSION = 1.0;
				PRODUCT_BUNDLE_IDENTIFIER = ping.Ping;
				PRODUCT_NAME = "$(TARGET_NAME)";
				SDKROOT = auto;
				SUPPORTED_PLATFORMS = "iphoneos iphonesimulator macosx xros xrsimulator";
				SWIFT_EMIT_LOC_STRINGS = YES;
				SWIFT_VERSION = 5.0;
				TARGETED_DEVICE_FAMILY = "1,2,7";
				XROS_DEPLOYMENT_TARGET = 2.2;
			};
			name = Release;
		};
		D4145C0F2D4C65BF00EAF352 /* Debug */ = {
			isa = XCBuildConfiguration;
			buildSettings = {
				BUNDLE_LOADER = "$(TEST_HOST)";
				CODE_SIGN_STYLE = Automatic;
				CURRENT_PROJECT_VERSION = 1;
				GENERATE_INFOPLIST_FILE = YES;
				IPHONEOS_DEPLOYMENT_TARGET = 18.2;
				MACOSX_DEPLOYMENT_TARGET = 15.2;
				MARKETING_VERSION = 1.0;
				PRODUCT_BUNDLE_IDENTIFIER = ping.PingTests;
				PRODUCT_NAME = "$(TARGET_NAME)";
				SDKROOT = auto;
				SUPPORTED_PLATFORMS = "iphoneos iphonesimulator macosx xros xrsimulator";
				SWIFT_EMIT_LOC_STRINGS = NO;
				SWIFT_VERSION = 5.0;
				TARGETED_DEVICE_FAMILY = "1,2,7";
				TEST_HOST = "$(BUILT_PRODUCTS_DIR)/Ping.app/$(BUNDLE_EXECUTABLE_FOLDER_PATH)/Ping";
				XROS_DEPLOYMENT_TARGET = 2.2;
			};
			name = Debug;
		};
		D4145C102D4C65BF00EAF352 /* Release */ = {
			isa = XCBuildConfiguration;
			buildSettings = {
				BUNDLE_LOADER = "$(TEST_HOST)";
				CODE_SIGN_STYLE = Automatic;
				CURRENT_PROJECT_VERSION = 1;
				GENERATE_INFOPLIST_FILE = YES;
				IPHONEOS_DEPLOYMENT_TARGET = 18.2;
				MACOSX_DEPLOYMENT_TARGET = 15.2;
				MARKETING_VERSION = 1.0;
				PRODUCT_BUNDLE_IDENTIFIER = ping.PingTests;
				PRODUCT_NAME = "$(TARGET_NAME)";
				SDKROOT = auto;
				SUPPORTED_PLATFORMS = "iphoneos iphonesimulator macosx xros xrsimulator";
				SWIFT_EMIT_LOC_STRINGS = NO;
				SWIFT_VERSION = 5.0;
				TARGETED_DEVICE_FAMILY = "1,2,7";
				TEST_HOST = "$(BUILT_PRODUCTS_DIR)/Ping.app/$(BUNDLE_EXECUTABLE_FOLDER_PATH)/Ping";
				XROS_DEPLOYMENT_TARGET = 2.2;
			};
			name = Release;
		};
		D4145C122D4C65BF00EAF352 /* Debug */ = {
			isa = XCBuildConfiguration;
			buildSettings = {
				CODE_SIGN_STYLE = Automatic;
				CURRENT_PROJECT_VERSION = 1;
				GENERATE_INFOPLIST_FILE = YES;
				IPHONEOS_DEPLOYMENT_TARGET = 18.2;
				MACOSX_DEPLOYMENT_TARGET = 15.2;
				MARKETING_VERSION = 1.0;
				PRODUCT_BUNDLE_IDENTIFIER = ping.PingUITests;
				PRODUCT_NAME = "$(TARGET_NAME)";
				SDKROOT = auto;
				SUPPORTED_PLATFORMS = "iphoneos iphonesimulator macosx xros xrsimulator";
				SWIFT_EMIT_LOC_STRINGS = NO;
				SWIFT_VERSION = 5.0;
				TARGETED_DEVICE_FAMILY = "1,2,7";
				TEST_TARGET_NAME = Ping;
				XROS_DEPLOYMENT_TARGET = 2.2;
			};
			name = Debug;
		};
		D4145C132D4C65BF00EAF352 /* Release */ = {
			isa = XCBuildConfiguration;
			buildSettings = {
				CODE_SIGN_STYLE = Automatic;
				CURRENT_PROJECT_VERSION = 1;
				GENERATE_INFOPLIST_FILE = YES;
				IPHONEOS_DEPLOYMENT_TARGET = 18.2;
				MACOSX_DEPLOYMENT_TARGET = 15.2;
				MARKETING_VERSION = 1.0;
				PRODUCT_BUNDLE_IDENTIFIER = ping.PingUITests;
				PRODUCT_NAME = "$(TARGET_NAME)";
				SDKROOT = auto;
				SUPPORTED_PLATFORMS = "iphoneos iphonesimulator macosx xros xrsimulator";
				SWIFT_EMIT_LOC_STRINGS = NO;
				SWIFT_VERSION = 5.0;
				TARGETED_DEVICE_FAMILY = "1,2,7";
				TEST_TARGET_NAME = Ping;
				XROS_DEPLOYMENT_TARGET = 2.2;
			};
			name = Release;
		};
/* End XCBuildConfiguration section */

/* Begin XCConfigurationList section */
		D4145BE12D4C65BE00EAF352 /* Build configuration list for PBXProject "Ping" */ = {
			isa = XCConfigurationList;
			buildConfigurations = (
				D4145C092D4C65BF00EAF352 /* Debug */,
				D4145C0A2D4C65BF00EAF352 /* Release */,
			);
			defaultConfigurationIsVisible = 0;
			defaultConfigurationName = Release;
		};
		D4145C0B2D4C65BF00EAF352 /* Build configuration list for PBXNativeTarget "Ping" */ = {
			isa = XCConfigurationList;
			buildConfigurations = (
				D4145C0C2D4C65BF00EAF352 /* Debug */,
				D4145C0D2D4C65BF00EAF352 /* Release */,
			);
			defaultConfigurationIsVisible = 0;
			defaultConfigurationName = Release;
		};
		D4145C0E2D4C65BF00EAF352 /* Build configuration list for PBXNativeTarget "PingTests" */ = {
			isa = XCConfigurationList;
			buildConfigurations = (
				D4145C0F2D4C65BF00EAF352 /* Debug */,
				D4145C102D4C65BF00EAF352 /* Release */,
			);
			defaultConfigurationIsVisible = 0;
			defaultConfigurationName = Release;
		};
		D4145C112D4C65BF00EAF352 /* Build configuration list for PBXNativeTarget "PingUITests" */ = {
			isa = XCConfigurationList;
			buildConfigurations = (
				D4145C122D4C65BF00EAF352 /* Debug */,
				D4145C132D4C65BF00EAF352 /* Release */,
			);
			defaultConfigurationIsVisible = 0;
			defaultConfigurationName = Release;
		};
/* End XCConfigurationList section */

/* Begin XCRemoteSwiftPackageReference section */
		D416231E2D4FEA5F00A5463C /* XCRemoteSwiftPackageReference "swift-async-algorithms" */ = {
			isa = XCRemoteSwiftPackageReference;
			repositoryURL = "https://github.com/apple/swift-async-algorithms.git";
			requirement = {
				kind = upToNextMajorVersion;
				minimumVersion = 1.0.3;
			};
		};
/* End XCRemoteSwiftPackageReference section */
	};
	rootObject = D4145BDE2D4C65BE00EAF352 /* Project object */;
}
